
Microsoft Visual Studio Solution File, Format Version 12.00
# Visual Studio 14
VisualStudioVersion = 14.0.25420.1
MinimumVisualStudioVersion = 10.0.40219.1
Project("{FAE04EC0-301F-11D3-BF4B-00C04F79EFBC}") = "MVC6AMLionsBatch", "MVC6AMLionsBatch\MVC6AMLionsBatch.csproj", "{41076438-554E-40DD-9B1A-EC55424E94F4}"
EndProject
Project("{FAE04EC0-301F-11D3-BF4B-00C04F79EFBC}") = "WebApplication1", "WebApplication1\WebApplication1.csproj", "{B00CAD53-E445-4421-BFAC-1E01D20FA1A4}"
EndProject
Project("{FAE04EC0-301F-11D3-BF4B-00C04F79EFBC}") = "AdoNetExample", "AdoNetExample\AdoNetExample.csproj", "{C0518721-AE79-4662-9153-08340C6BA6A7}"
EndProject
Project("{FAE04EC0-301F-11D3-BF4B-00C04F79EFBC}") = "DataBaseFirstApproach", "DataBaseFirstApproach\DataBaseFirstApproach.csproj", "{72F9F250-1B75-4BC5-92F6-53AB01D4817B}"
EndProject
Project("{FAE04EC0-301F-11D3-BF4B-00C04F79EFBC}") = "CodeBasedApproach", "CodeBasedApproach\CodeBasedApproach.csproj", "{746D7588-896F-43F7-9D6C-C002B2C12A4A}"
EndProject
Project("{FAE04EC0-301F-11D3-BF4B-00C04F79EFBC}") = "ModelBasedApproach", "ModelBasedApproach\ModelBasedApproach.csproj", "{C771E855-D2C1-4550-AF9B-7ABB9F51C455}"
EndProject
Project("{FAE04EC0-301F-11D3-BF4B-00C04F79EFBC}") = "bundleMinified", "bundleMinified\bundleMinified.csproj", "{6FDF35E9-289D-4B29-A309-C5F0BE0284E4}"
EndProject
Project("{FAE04EC0-301F-11D3-BF4B-00C04F79EFBC}") = "WebApi", "WebApi\WebApi.csproj", "{39A8CA1C-6DB0-4D0C-957B-A1C9EE7AD1F0}"
EndProject
Global
	GlobalSection(SolutionConfigurationPlatforms) = preSolution
		Debug|Any CPU = Debug|Any CPU
		Release|Any CPU = Release|Any CPU
	EndGlobalSection
	GlobalSection(ProjectConfigurationPlatforms) = postSolution
		{41076438-554E-40DD-9B1A-EC55424E94F4}.Debug|Any CPU.ActiveCfg = Debug|Any CPU
		{41076438-554E-40DD-9B1A-EC55424E94F4}.Debug|Any CPU.Build.0 = Debug|Any CPU
		{41076438-554E-40DD-9B1A-EC55424E94F4}.Release|Any CPU.ActiveCfg = Release|Any CPU
		{41076438-554E-40DD-9B1A-EC55424E94F4}.Release|Any CPU.Build.0 = Release|Any CPU
		{B00CAD53-E445-4421-BFAC-1E01D20FA1A4}.Debug|Any CPU.ActiveCfg = Debug|Any CPU
		{B00CAD53-E445-4421-BFAC-1E01D20FA1A4}.Debug|Any CPU.Build.0 = Debug|Any CPU
		{B00CAD53-E445-4421-BFAC-1E01D20FA1A4}.Release|Any CPU.ActiveCfg = Release|Any CPU
		{B00CAD53-E445-4421-BFAC-1E01D20FA1A4}.Release|Any CPU.Build.0 = Release|Any CPU
		{C0518721-AE79-4662-9153-08340C6BA6A7}.Debug|Any CPU.ActiveCfg = Debug|Any CPU
		{C0518721-AE79-4662-9153-08340C6BA6A7}.Debug|Any CPU.Build.0 = Debug|Any CPU
		{C0518721-AE79-4662-9153-08340C6BA6A7}.Release|Any CPU.ActiveCfg = Release|Any CPU
		{C0518721-AE79-4662-9153-08340C6BA6A7}.Release|Any CPU.Build.0 = Release|Any CPU
		{72F9F250-1B75-4BC5-92F6-53AB01D4817B}.Debug|Any CPU.ActiveCfg = Debug|Any CPU
		{72F9F250-1B75-4BC5-92F6-53AB01D4817B}.Debug|Any CPU.Build.0 = Debug|Any CPU
		{72F9F250-1B75-4BC5-92F6-53AB01D4817B}.Release|Any CPU.ActiveCfg = Release|Any CPU
		{72F9F250-1B75-4BC5-92F6-53AB01D4817B}.Release|Any CPU.Build.0 = Release|Any CPU
		{746D7588-896F-43F7-9D6C-C002B2C12A4A}.Debug|Any CPU.ActiveCfg = Debug|Any CPU
		{746D7588-896F-43F7-9D6C-C002B2C12A4A}.Debug|Any CPU.Build.0 = Debug|Any CPU
		{746D7588-896F-43F7-9D6C-C002B2C12A4A}.Release|Any CPU.ActiveCfg = Release|Any CPU
		{746D7588-896F-43F7-9D6C-C002B2C12A4A}.Release|Any CPU.Build.0 = Release|Any CPU
		{C771E855-D2C1-4550-AF9B-7ABB9F51C455}.Debug|Any CPU.ActiveCfg = Debug|Any CPU
		{C771E855-D2C1-4550-AF9B-7ABB9F51C455}.Debug|Any CPU.Build.0 = Debug|Any CPU
		{C771E855-D2C1-4550-AF9B-7ABB9F51C455}.Release|Any CPU.ActiveCfg = Release|Any CPU
		{C771E855-D2C1-4550-AF9B-7ABB9F51C455}.Release|Any CPU.Build.0 = Release|Any CPU
		{6FDF35E9-289D-4B29-A309-C5F0BE0284E4}.Debug|Any CPU.ActiveCfg = Debug|Any CPU
		{6FDF35E9-289D-4B29-A309-C5F0BE0284E4}.Debug|Any CPU.Build.0 = Debug|Any CPU
		{6FDF35E9-289D-4B29-A309-C5F0BE0284E4}.Release|Any CPU.ActiveCfg = Release|Any CPU
		{6FDF35E9-289D-4B29-A309-C5F0BE0284E4}.Release|Any CPU.Build.0 = Release|Any CPU
		{39A8CA1C-6DB0-4D0C-957B-A1C9EE7AD1F0}.Debug|Any CPU.ActiveCfg = Debug|Any CPU
		{39A8CA1C-6DB0-4D0C-957B-A1C9EE7AD1F0}.Debug|Any CPU.Build.0 = Debug|Any CPU
		{39A8CA1C-6DB0-4D0C-957B-A1C9EE7AD1F0}.Release|Any CPU.ActiveCfg = Release|Any CPU
		{39A8CA1C-6DB0-4D0C-957B-A1C9EE7AD1F0}.Release|Any CPU.Build.0 = Release|Any CPU
	EndGlobalSection
	GlobalSection(SolutionProperties) = preSolution
		HideSolutionNode = FALSE
	EndGlobalSection
EndGlobal
